
Microsoft Visual Studio Solution File, Format Version 12.00
# Visual Studio Version 16
VisualStudioVersion = 16.0.34301.259
MinimumVisualStudioVersion = 10.0.40219.1
Project("{FAE04EC0-301F-11D3-BF4B-00C04F79EFBC}") = "Sport_Inventar", "Sport_Inventar\Sport_Inventar.csproj", "{080497E3-94BC-46FC-979F-EFE1DA98A292}"
EndProject
Global
	GlobalSection(SolutionConfigurationPlatforms) = preSolution
		Debug|Any CPU = Debug|Any CPU
		Release|Any CPU = Release|Any CPU
	EndGlobalSection
	GlobalSection(ProjectConfigurationPlatforms) = postSolution
		{080497E3-94BC-46FC-979F-EFE1DA98A292}.Debug|Any CPU.ActiveCfg = Debug|Any CPU
		{080497E3-94BC-46FC-979F-EFE1DA98A292}.Debug|Any CPU.Build.0 = Debug|Any CPU
		{080497E3-94BC-46FC-979F-EFE1DA98A292}.Release|Any CPU.ActiveCfg = Release|Any CPU
		{080497E3-94BC-46FC-979F-EFE1DA98A292}.Release|Any CPU.Build.0 = Release|Any CPU
	EndGlobalSection
	GlobalSection(SolutionProperties) = preSolution
		HideSolutionNode = FALSE
	EndGlobalSection
	GlobalSection(ExtensibilityGlobals) = postSolution
		SolutionGuid = {D2027EB8-2CEA-419D-80FF-D0E4846FC74E}
	EndGlobalSection
EndGlobal
